
Microsoft Visual Studio Solution File, Format Version 12.00
# Visual Studio Version 16
VisualStudioVersion = 16.0.29509.3
MinimumVisualStudioVersion = 10.0.40219.1
Project("{FAE04EC0-301F-11D3-BF4B-00C04F79EFBC}") = "Composition", "Composition\Composition.csproj", "{BD2C2E0B-285B-4B0C-AB76-55ED7765BC57}"
EndProject
Global
	GlobalSection(SolutionConfigurationPlatforms) = preSolution
		Debug|Any CPU = Debug|Any CPU
		Release|Any CPU = Release|Any CPU
	EndGlobalSection
	GlobalSection(ProjectConfigurationPlatforms) = postSolution
		{BD2C2E0B-285B-4B0C-AB76-55ED7765BC57}.Debug|Any CPU.ActiveCfg = Debug|Any CPU
		{BD2C2E0B-285B-4B0C-AB76-55ED7765BC57}.Debug|Any CPU.Build.0 = Debug|Any CPU
		{BD2C2E0B-285B-4B0C-AB76-55ED7765BC57}.Release|Any CPU.ActiveCfg = Release|Any CPU
		{BD2C2E0B-285B-4B0C-AB76-55ED7765BC57}.Release|Any CPU.Build.0 = Release|Any CPU
	EndGlobalSection
	GlobalSection(SolutionProperties) = preSolution
		HideSolutionNode = FALSE
	EndGlobalSection
	GlobalSection(ExtensibilityGlobals) = postSolution
		SolutionGuid = {7F86C7B8-D839-4785-BA3D-4714E13F1011}
	EndGlobalSection
EndGlobal
